// !$*UTF8*$!
{
	archiveVersion = 1;
	classes = {
	};
	objectVersion = 46;
	objects = {

/* Begin PBXBuildFile section */
		4887639D22603DC000FA83EB /* HealthKit.framework in Frameworks */ = {isa = PBXBuildFile; fileRef = 4887639C22603DC000FA83EB /* HealthKit.framework */; };
		488763C42260827000FA83EB /* RNHealthApi.swift in Sources */ = {isa = PBXBuildFile; fileRef = 488763C32260827000FA83EB /* RNHealthApi.swift */; };
		488763C922608E1E00FA83EB /* HealthKitApi.swift in Sources */ = {isa = PBXBuildFile; fileRef = 488763C822608E1E00FA83EB /* HealthKitApi.swift */; };
		48C4D3972260E05D00C32ACE /* HKPermissionsApi.swift in Sources */ = {isa = PBXBuildFile; fileRef = 48C4D3962260E05D00C32ACE /* HKPermissionsApi.swift */; };
		48C4D3A12260E0F600C32ACE /* Constants.swift in Sources */ = {isa = PBXBuildFile; fileRef = 48C4D3A02260E0F600C32ACE /* Constants.swift */; };
		48C4D3A32260E70100C32ACE /* HealthKitApi+StepCount.swift in Sources */ = {isa = PBXBuildFile; fileRef = 48C4D3A22260E70100C32ACE /* HealthKitApi+StepCount.swift */; };
		48C4D3A62260EBBE00C32ACE /* Date.swift in Sources */ = {isa = PBXBuildFile; fileRef = 48C4D3A52260EBBE00C32ACE /* Date.swift */; };
		48C4D3A82260F1DE00C32ACE /* RNHealthApi+StepCount.swift in Sources */ = {isa = PBXBuildFile; fileRef = 48C4D3A72260F1DE00C32ACE /* RNHealthApi+StepCount.swift */; };
		48C4D3AA2260F5B400C32ACE /* HealthKitApi+Query.swift in Sources */ = {isa = PBXBuildFile; fileRef = 48C4D3A92260F5B400C32ACE /* HealthKitApi+Query.swift */; };
/* End PBXBuildFile section */

/* Begin PBXCopyFilesBuildPhase section */
		58B511D91A9E6C8500147676 /* CopyFiles */ = {
			isa = PBXCopyFilesBuildPhase;
			buildActionMask = 2147483647;
			dstPath = "include/$(PRODUCT_NAME)";
			dstSubfolderSpec = 16;
			files = (
			);
			runOnlyForDeploymentPostprocessing = 0;
		};
/* End PBXCopyFilesBuildPhase section */

/* Begin PBXFileReference section */
		134814201AA4EA6300B7C361 /* libRNHealthApi.a */ = {isa = PBXFileReference; explicitFileType = archive.ar; includeInIndex = 0; path = libRNHealthApi.a; sourceTree = BUILT_PRODUCTS_DIR; };
		4887639C22603DC000FA83EB /* HealthKit.framework */ = {isa = PBXFileReference; lastKnownFileType = wrapper.framework; name = HealthKit.framework; path = System/Library/Frameworks/HealthKit.framework; sourceTree = SDKROOT; };
		488763C022607A3800FA83EB /* RNHealthApi.m */ = {isa = PBXFileReference; lastKnownFileType = sourcecode.c.objc; path = RNHealthApi.m; sourceTree = "<group>"; };
		488763C32260827000FA83EB /* RNHealthApi.swift */ = {isa = PBXFileReference; lastKnownFileType = sourcecode.swift; path = RNHealthApi.swift; sourceTree = "<group>"; };
		488763C6226089E700FA83EB /* RNHealthApi-Bridging-Header.h */ = {isa = PBXFileReference; lastKnownFileType = sourcecode.c.h; path = "RNHealthApi-Bridging-Header.h"; sourceTree = "<group>"; };
		488763C822608E1E00FA83EB /* HealthKitApi.swift */ = {isa = PBXFileReference; lastKnownFileType = sourcecode.swift; path = HealthKitApi.swift; sourceTree = "<group>"; };
		48C4D3962260E05D00C32ACE /* HKPermissionsApi.swift */ = {isa = PBXFileReference; lastKnownFileType = sourcecode.swift; path = HKPermissionsApi.swift; sourceTree = "<group>"; };
		48C4D3A02260E0F600C32ACE /* Constants.swift */ = {isa = PBXFileReference; lastKnownFileType = sourcecode.swift; path = Constants.swift; sourceTree = "<group>"; };
		48C4D3A22260E70100C32ACE /* HealthKitApi+StepCount.swift */ = {isa = PBXFileReference; lastKnownFileType = sourcecode.swift; path = "HealthKitApi+StepCount.swift"; sourceTree = "<group>"; };
		48C4D3A52260EBBE00C32ACE /* Date.swift */ = {isa = PBXFileReference; lastKnownFileType = sourcecode.swift; path = Date.swift; sourceTree = "<group>"; };
		48C4D3A72260F1DE00C32ACE /* RNHealthApi+StepCount.swift */ = {isa = PBXFileReference; lastKnownFileType = sourcecode.swift; path = "RNHealthApi+StepCount.swift"; sourceTree = "<group>"; };
		48C4D3A92260F5B400C32ACE /* HealthKitApi+Query.swift */ = {isa = PBXFileReference; lastKnownFileType = sourcecode.swift; path = "HealthKitApi+Query.swift"; sourceTree = "<group>"; };
/* End PBXFileReference section */

/* Begin PBXFrameworksBuildPhase section */
		58B511D81A9E6C8500147676 /* Frameworks */ = {
			isa = PBXFrameworksBuildPhase;
			buildActionMask = 2147483647;
			files = (
				4887639D22603DC000FA83EB /* HealthKit.framework in Frameworks */,
			);
			runOnlyForDeploymentPostprocessing = 0;
		};
/* End PBXFrameworksBuildPhase section */

/* Begin PBXGroup section */
		134814211AA4EA7D00B7C361 /* Products */ = {
			isa = PBXGroup;
			children = (
				134814201AA4EA6300B7C361 /* libRNHealthApi.a */,
			);
			name = Products;
			sourceTree = "<group>";
		};
		4887639B22603DC000FA83EB /* Frameworks */ = {
			isa = PBXGroup;
			children = (
				4887639C22603DC000FA83EB /* HealthKit.framework */,
			);
			name = Frameworks;
			sourceTree = "<group>";
		};
		488763C722608DCB00FA83EB /* HealthKit */ = {
			isa = PBXGroup;
			children = (
				488763C822608E1E00FA83EB /* HealthKitApi.swift */,
				48C4D3A92260F5B400C32ACE /* HealthKitApi+Query.swift */,
				48C4D3A22260E70100C32ACE /* HealthKitApi+StepCount.swift */,
				48C4D3962260E05D00C32ACE /* HKPermissionsApi.swift */,
			);
			path = HealthKit;
			sourceTree = "<group>";
		};
		48C4D3A42260EB9D00C32ACE /* Extensions */ = {
			isa = PBXGroup;
			children = (
				48C4D3A52260EBBE00C32ACE /* Date.swift */,
			);
			path = Extensions;
			sourceTree = "<group>";
		};
		58B511D21A9E6C8500147676 = {
			isa = PBXGroup;
			children = (
				48C4D3A42260EB9D00C32ACE /* Extensions */,
				488763C722608DCB00FA83EB /* HealthKit */,
				48C4D3A02260E0F600C32ACE /* Constants.swift */,
				488763C022607A3800FA83EB /* RNHealthApi.m */,
				488763C32260827000FA83EB /* RNHealthApi.swift */,
				48C4D3A72260F1DE00C32ACE /* RNHealthApi+StepCount.swift */,
				488763C6226089E700FA83EB /* RNHealthApi-Bridging-Header.h */,
				134814211AA4EA7D00B7C361 /* Products */,
				4887639B22603DC000FA83EB /* Frameworks */,
			);
			sourceTree = "<group>";
		};
/* End PBXGroup section */

/* Begin PBXNativeTarget section */
		58B511DA1A9E6C8500147676 /* RNHealthApi */ = {
			isa = PBXNativeTarget;
			buildConfigurationList = 58B511EF1A9E6C8500147676 /* Build configuration list for PBXNativeTarget "RNHealthApi" */;
			buildPhases = (
				58B511D71A9E6C8500147676 /* Sources */,
				58B511D81A9E6C8500147676 /* Frameworks */,
				58B511D91A9E6C8500147676 /* CopyFiles */,
			);
			buildRules = (
			);
			dependencies = (
			);
			name = RNHealthApi;
			productName = RCTDataManager;
			productReference = 134814201AA4EA6300B7C361 /* libRNHealthApi.a */;
			productType = "com.apple.product-type.library.static";
		};
/* End PBXNativeTarget section */

/* Begin PBXProject section */
		58B511D31A9E6C8500147676 /* Project object */ = {
			isa = PBXProject;
			attributes = {
				LastUpgradeCheck = 0830;
				ORGANIZATIONNAME = Facebook;
				TargetAttributes = {
					58B511DA1A9E6C8500147676 = {
						CreatedOnToolsVersion = 6.1.1;
						LastSwiftMigration = 1010;
					};
				};
			};
			buildConfigurationList = 58B511D61A9E6C8500147676 /* Build configuration list for PBXProject "RNHealthApi" */;
			compatibilityVersion = "Xcode 3.2";
			developmentRegion = English;
			hasScannedForEncodings = 0;
			knownRegions = (
				en,
			);
			mainGroup = 58B511D21A9E6C8500147676;
			productRefGroup = 58B511D21A9E6C8500147676;
			projectDirPath = "";
			projectRoot = "";
			targets = (
				58B511DA1A9E6C8500147676 /* RNHealthApi */,
			);
		};
/* End PBXProject section */

/* Begin PBXSourcesBuildPhase section */
		58B511D71A9E6C8500147676 /* Sources */ = {
			isa = PBXSourcesBuildPhase;
			buildActionMask = 2147483647;
			files = (
				488763C42260827000FA83EB /* RNHealthApi.swift in Sources */,
				48C4D3A62260EBBE00C32ACE /* Date.swift in Sources */,
				48C4D3972260E05D00C32ACE /* HKPermissionsApi.swift in Sources */,
				488763C922608E1E00FA83EB /* HealthKitApi.swift in Sources */,
				48C4D3AA2260F5B400C32ACE /* HealthKitApi+Query.swift in Sources */,
				48C4D3A32260E70100C32ACE /* HealthKitApi+StepCount.swift in Sources */,
				48C4D3A12260E0F600C32ACE /* Constants.swift in Sources */,
				48C4D3A82260F1DE00C32ACE /* RNHealthApi+StepCount.swift in Sources */,
			);
			runOnlyForDeploymentPostprocessing = 0;
		};
/* End PBXSourcesBuildPhase section */

/* Begin XCBuildConfiguration section */
		58B511ED1A9E6C8500147676 /* Debug */ = {
			isa = XCBuildConfiguration;
			buildSettings = {
				ALWAYS_SEARCH_USER_PATHS = NO;
				CLANG_CXX_LANGUAGE_STANDARD = "gnu++0x";
				CLANG_CXX_LIBRARY = "libc++";
				CLANG_ENABLE_MODULES = YES;
				CLANG_ENABLE_OBJC_ARC = YES;
				CLANG_WARN_BOOL_CONVERSION = YES;
				CLANG_WARN_CONSTANT_CONVERSION = YES;
				CLANG_WARN_DIRECT_OBJC_ISA_USAGE = YES_ERROR;
				CLANG_WARN_EMPTY_BODY = YES;
				CLANG_WARN_ENUM_CONVERSION = YES;
				CLANG_WARN_INFINITE_RECURSION = YES;
				CLANG_WARN_INT_CONVERSION = YES;
				CLANG_WARN_OBJC_ROOT_CLASS = YES_ERROR;
				CLANG_WARN_SUSPICIOUS_MOVE = YES;
				CLANG_WARN_UNREACHABLE_CODE = YES;
				CLANG_WARN__DUPLICATE_METHOD_MATCH = YES;
				COPY_PHASE_STRIP = NO;
				ENABLE_STRICT_OBJC_MSGSEND = YES;
				ENABLE_TESTABILITY = YES;
				GCC_C_LANGUAGE_STANDARD = gnu99;
				GCC_DYNAMIC_NO_PIC = NO;
				GCC_NO_COMMON_BLOCKS = YES;
				GCC_OPTIMIZATION_LEVEL = 0;
				GCC_PREPROCESSOR_DEFINITIONS = (
					"DEBUG=1",
					"$(inherited)",
				);
				GCC_SYMBOLS_PRIVATE_EXTERN = NO;
				GCC_WARN_64_TO_32_BIT_CONVERSION = YES;
				GCC_WARN_ABOUT_RETURN_TYPE = YES_ERROR;
				GCC_WARN_UNDECLARED_SELECTOR = YES;
				GCC_WARN_UNINITIALIZED_AUTOS = YES_AGGRESSIVE;
				GCC_WARN_UNUSED_FUNCTION = YES;
				GCC_WARN_UNUSED_VARIABLE = YES;
				IPHONEOS_DEPLOYMENT_TARGET = 8.0;
				MTL_ENABLE_DEBUG_INFO = YES;
				ONLY_ACTIVE_ARCH = YES;
				SDKROOT = iphoneos;
			};
			name = Debug;
		};
		58B511EE1A9E6C8500147676 /* Release */ = {
			isa = XCBuildConfiguration;
			buildSettings = {
				ALWAYS_SEARCH_USER_PATHS = NO;
				CLANG_CXX_LANGUAGE_STANDARD = "gnu++0x";
				CLANG_CXX_LIBRARY = "libc++";
				CLANG_ENABLE_MODULES = YES;
				CLANG_ENABLE_OBJC_ARC = YES;
				CLANG_WARN_BOOL_CONVERSION = YES;
				CLANG_WARN_CONSTANT_CONVERSION = YES;
				CLANG_WARN_DIRECT_OBJC_ISA_USAGE = YES_ERROR;
				CLANG_WARN_EMPTY_BODY = YES;
				CLANG_WARN_ENUM_CONVERSION = YES;
				CLANG_WARN_INFINITE_RECURSION = YES;
				CLANG_WARN_INT_CONVERSION = YES;
				CLANG_WARN_OBJC_ROOT_CLASS = YES_ERROR;
				CLANG_WARN_SUSPICIOUS_MOVE = YES;
				CLANG_WARN_UNREACHABLE_CODE = YES;
				CLANG_WARN__DUPLICATE_METHOD_MATCH = YES;
				COPY_PHASE_STRIP = YES;
				ENABLE_NS_ASSERTIONS = NO;
				ENABLE_STRICT_OBJC_MSGSEND = YES;
				GCC_C_LANGUAGE_STANDARD = gnu99;
				GCC_NO_COMMON_BLOCKS = YES;
				GCC_WARN_64_TO_32_BIT_CONVERSION = YES;
				GCC_WARN_ABOUT_RETURN_TYPE = YES_ERROR;
				GCC_WARN_UNDECLARED_SELECTOR = YES;
				GCC_WARN_UNINITIALIZED_AUTOS = YES_AGGRESSIVE;
				GCC_WARN_UNUSED_FUNCTION = YES;
				GCC_WARN_UNUSED_VARIABLE = YES;
				IPHONEOS_DEPLOYMENT_TARGET = 8.0;
				MTL_ENABLE_DEBUG_INFO = NO;
				SDKROOT = iphoneos;
				VALIDATE_PRODUCT = YES;
			};
			name = Release;
		};
		58B511F01A9E6C8500147676 /* Debug */ = {
			isa = XCBuildConfiguration;
			buildSettings = {
				CLANG_ENABLE_MODULES = YES;
				HEADER_SEARCH_PATHS = (
					"$(inherited)",
					/Applications/Xcode.app/Contents/Developer/Toolchains/XcodeDefault.xctoolchain/usr/include,
					"$(SRCROOT)/../../../React/**",
					"$(SRCROOT)/../../react-native/React/**",
				);
				LD_RUNPATH_SEARCH_PATHS = "$(inherited) @executable_path/Frameworks @loader_path/Frameworks";
				LIBRARY_SEARCH_PATHS = "$(inherited)";
				OTHER_LDFLAGS = "-ObjC";
				PRODUCT_NAME = RNHealthApi;
				SKIP_INSTALL = YES;
				SWIFT_OBJC_BRIDGING_HEADER = "RNHealthApi-Bridging-Header.h";
				SWIFT_OPTIMIZATION_LEVEL = "-Onone";
				SWIFT_VERSION = 4.2;
			};
			name = Debug;
		};
		58B511F11A9E6C8500147676 /* Release */ = {
			isa = XCBuildConfiguration;
			buildSettings = {
				CLANG_ENABLE_MODULES = YES;
				HEADER_SEARCH_PATHS = (
					"$(inherited)",
					/Applications/Xcode.app/Contents/Developer/Toolchains/XcodeDefault.xctoolchain/usr/include,
					"$(SRCROOT)/../../../React/**",
					"$(SRCROOT)/../../react-native/React/**",
				);
				LD_RUNPATH_SEARCH_PATHS = "$(inherited) @executable_path/Frameworks @loader_path/Frameworks";
				LIBRARY_SEARCH_PATHS = "$(inherited)";
				OTHER_LDFLAGS = "-ObjC";
				PRODUCT_NAME = RNHealthApi;
				SKIP_INSTALL = YES;
				SWIFT_OBJC_BRIDGING_HEADER = "RNHealthApi-Bridging-Header.h";
				SWIFT_VERSION = 4.2;
			};
			name = Release;
		};
/* End XCBuildConfiguration section */

/* Begin XCConfigurationList section */
		58B511D61A9E6C8500147676 /* Build configuration list for PBXProject "RNHealthApi" */ = {
			isa = XCConfigurationList;
			buildConfigurations = (
				58B511ED1A9E6C8500147676 /* Debug */,
				58B511EE1A9E6C8500147676 /* Release */,
			);
			defaultConfigurationIsVisible = 0;
			defaultConfigurationName = Release;
		};
		58B511EF1A9E6C8500147676 /* Build configuration list for PBXNativeTarget "RNHealthApi" */ = {
			isa = XCConfigurationList;
			buildConfigurations = (
				58B511F01A9E6C8500147676 /* Debug */,
				58B511F11A9E6C8500147676 /* Release */,
			);
			defaultConfigurationIsVisible = 0;
			defaultConfigurationName = Release;
		};
/* End XCConfigurationList section */
	};
	rootObject = 58B511D31A9E6C8500147676 /* Project object */;
}
